{
  "requires": true,
  "lockfileVersion": 1,
  "dependencies": {
    "currency-codes": {
      "version": "2.2.0",
      "resolved": "https://registry.npmjs.org/currency-codes/-/currency-codes-2.2.0.tgz",
      "integrity": "sha512-vpbQc5sEYHGdTVAYUhHnKv0DWiYLRvzl/KKyqeHzBh7HD/j3UlWoScpZ9tN/jG6w2feddWoObsBbaNVu5yDapg==",
      "requires": {
        "first-match": "~0.0.1",
        "nub": "~0.0.0"
      }
    },
    "first-match": {
      "version": "0.0.1",
      "resolved": "https://registry.npmjs.org/first-match/-/first-match-0.0.1.tgz",
      "integrity": "sha512-VvKbnaxrC0polTFDC+teKPTdl2mn6B/KUW+WB3C9RzKDeNwbzfLdnUz3FxC+tnjvus6bI0jWrWicQyVIPdS37A=="
    },
    "nub": {
      "version": "0.0.0",
      "resolved": "https://registry.npmjs.org/nub/-/nub-0.0.0.tgz",
      "integrity": "sha512-dK0Ss9C34R/vV0FfYJXuqDAqHlaW9fvWVufq9MmGF2umCuDbd5GRfRD9fpi/LiM0l4ZXf8IBB+RYmZExqCrf0w=="
    }
  }
}
